
Microsoft Visual Studio Solution File, Format Version 12.00
# Visual Studio 14
VisualStudioVersion = 14.0.24720.0
MinimumVisualStudioVersion = 10.0.40219.1
Project("{FAE04EC0-301F-11D3-BF4B-00C04F79EFBC}") = "Lightning.Shell", "Lightning.Shell\Lightning.Shell.csproj", "{0DE16E1E-7DE8-450E-8DB4-CC7285A03D86}"
EndProject
Global
	GlobalSection(SolutionConfigurationPlatforms) = preSolution
		Debug|Any CPU = Debug|Any CPU
		Release|Any CPU = Release|Any CPU
	EndGlobalSection
	GlobalSection(ProjectConfigurationPlatforms) = postSolution
		{0DE16E1E-7DE8-450E-8DB4-CC7285A03D86}.Debug|Any CPU.ActiveCfg = Debug|Any CPU
		{0DE16E1E-7DE8-450E-8DB4-CC7285A03D86}.Debug|Any CPU.Build.0 = Debug|Any CPU
		{0DE16E1E-7DE8-450E-8DB4-CC7285A03D86}.Release|Any CPU.ActiveCfg = Release|Any CPU
		{0DE16E1E-7DE8-450E-8DB4-CC7285A03D86}.Release|Any CPU.Build.0 = Release|Any CPU
	EndGlobalSection
	GlobalSection(SolutionProperties) = preSolution
		HideSolutionNode = FALSE
	EndGlobalSection
EndGlobal
